
Microsoft Visual Studio Solution File, Format Version 12.00
# Visual Studio Version 16
VisualStudioVersion = 16.0.30517.126
MinimumVisualStudioVersion = 10.0.40219.1
Project("{9A19103F-16F7-4668-BE54-9A1E7A4F7556}") = "Service", "Service\Service.csproj", "{68040FE1-6712-49DD-8867-9D9D8482A3FE}"
EndProject
Project("{9A19103F-16F7-4668-BE54-9A1E7A4F7556}") = "Business", "Business\Business.csproj", "{F90A6291-2337-462C-90CB-AA3453BC2CE9}"
EndProject
Project("{9A19103F-16F7-4668-BE54-9A1E7A4F7556}") = "Common", "Common\Common.csproj", "{7286DE96-9BBA-4410-BE61-8DE2DFFFDCB9}"
EndProject
Project("{E53339B2-1760-4266-BCC7-CA923CBCF16C}") = "docker-compose", "docker-compose.dcproj", "{E4781BF5-C618-4487-9F05-A09D2449AC1F}"
EndProject
Global
	GlobalSection(SolutionConfigurationPlatforms) = preSolution
		Debug|Any CPU = Debug|Any CPU
		Release|Any CPU = Release|Any CPU
	EndGlobalSection
	GlobalSection(ProjectConfigurationPlatforms) = postSolution
		{68040FE1-6712-49DD-8867-9D9D8482A3FE}.Debug|Any CPU.ActiveCfg = Debug|Any CPU
		{68040FE1-6712-49DD-8867-9D9D8482A3FE}.Debug|Any CPU.Build.0 = Debug|Any CPU
		{68040FE1-6712-49DD-8867-9D9D8482A3FE}.Release|Any CPU.ActiveCfg = Release|Any CPU
		{68040FE1-6712-49DD-8867-9D9D8482A3FE}.Release|Any CPU.Build.0 = Release|Any CPU
		{F90A6291-2337-462C-90CB-AA3453BC2CE9}.Debug|Any CPU.ActiveCfg = Debug|Any CPU
		{F90A6291-2337-462C-90CB-AA3453BC2CE9}.Debug|Any CPU.Build.0 = Debug|Any CPU
		{F90A6291-2337-462C-90CB-AA3453BC2CE9}.Release|Any CPU.ActiveCfg = Release|Any CPU
		{F90A6291-2337-462C-90CB-AA3453BC2CE9}.Release|Any CPU.Build.0 = Release|Any CPU
		{7286DE96-9BBA-4410-BE61-8DE2DFFFDCB9}.Debug|Any CPU.ActiveCfg = Debug|Any CPU
		{7286DE96-9BBA-4410-BE61-8DE2DFFFDCB9}.Debug|Any CPU.Build.0 = Debug|Any CPU
		{7286DE96-9BBA-4410-BE61-8DE2DFFFDCB9}.Release|Any CPU.ActiveCfg = Release|Any CPU
		{7286DE96-9BBA-4410-BE61-8DE2DFFFDCB9}.Release|Any CPU.Build.0 = Release|Any CPU
		{E4781BF5-C618-4487-9F05-A09D2449AC1F}.Debug|Any CPU.ActiveCfg = Debug|Any CPU
		{E4781BF5-C618-4487-9F05-A09D2449AC1F}.Debug|Any CPU.Build.0 = Debug|Any CPU
		{E4781BF5-C618-4487-9F05-A09D2449AC1F}.Release|Any CPU.ActiveCfg = Release|Any CPU
		{E4781BF5-C618-4487-9F05-A09D2449AC1F}.Release|Any CPU.Build.0 = Release|Any CPU
	EndGlobalSection
	GlobalSection(SolutionProperties) = preSolution
		HideSolutionNode = FALSE
	EndGlobalSection
	GlobalSection(ExtensibilityGlobals) = postSolution
		SolutionGuid = {6DF078B3-93A2-4A90-BFD0-DA84AA06A95A}
	EndGlobalSection
EndGlobal
